// !$*UTF8*$!
{
	archiveVersion = 1;
	classes = {
	};
	objectVersion = 46;
	objects = {

/* Begin PBXBuildFile section */
		7A9552DF185CA65200E41654 /* ActivityViewCustomProvider.m in Sources */ = {isa = PBXBuildFile; fileRef = 7A9552DD185CA65200E41654 /* ActivityViewCustomProvider.m */; };
		D7775F1F185B13A9001F4319 /* Foundation.framework in Frameworks */ = {isa = PBXBuildFile; fileRef = D7775F1E185B13A9001F4319 /* Foundation.framework */; };
		D7775F21185B13A9001F4319 /* CoreGraphics.framework in Frameworks */ = {isa = PBXBuildFile; fileRef = D7775F20185B13A9001F4319 /* CoreGraphics.framework */; };
		D7775F23185B13A9001F4319 /* UIKit.framework in Frameworks */ = {isa = PBXBuildFile; fileRef = D7775F22185B13A9001F4319 /* UIKit.framework */; };
		D7775F29185B13A9001F4319 /* InfoPlist.strings in Resources */ = {isa = PBXBuildFile; fileRef = D7775F27185B13A9001F4319 /* InfoPlist.strings */; };
		D7775F2B185B13A9001F4319 /* main.m in Sources */ = {isa = PBXBuildFile; fileRef = D7775F2A185B13A9001F4319 /* main.m */; };
		D7775F2F185B13A9001F4319 /* InitialAppDelegate.m in Sources */ = {isa = PBXBuildFile; fileRef = D7775F2E185B13A9001F4319 /* InitialAppDelegate.m */; };
		D7775F32185B13A9001F4319 /* Main_iPhone.storyboard in Resources */ = {isa = PBXBuildFile; fileRef = D7775F30185B13A9001F4319 /* Main_iPhone.storyboard */; };
		D7775F35185B13A9001F4319 /* Main_iPad.storyboard in Resources */ = {isa = PBXBuildFile; fileRef = D7775F33185B13A9001F4319 /* Main_iPad.storyboard */; };
		D7775F38185B13A9001F4319 /* InitialViewController.m in Sources */ = {isa = PBXBuildFile; fileRef = D7775F37185B13A9001F4319 /* InitialViewController.m */; };
		D7775F3A185B13A9001F4319 /* Images.xcassets in Resources */ = {isa = PBXBuildFile; fileRef = D7775F39185B13A9001F4319 /* Images.xcassets */; };
		D7775F41185B13A9001F4319 /* XCTest.framework in Frameworks */ = {isa = PBXBuildFile; fileRef = D7775F40185B13A9001F4319 /* XCTest.framework */; };
		D7775F42185B13A9001F4319 /* Foundation.framework in Frameworks */ = {isa = PBXBuildFile; fileRef = D7775F1E185B13A9001F4319 /* Foundation.framework */; };
		D7775F43185B13A9001F4319 /* UIKit.framework in Frameworks */ = {isa = PBXBuildFile; fileRef = D7775F22185B13A9001F4319 /* UIKit.framework */; };
		D7775F4B185B13A9001F4319 /* InfoPlist.strings in Resources */ = {isa = PBXBuildFile; fileRef = D7775F49185B13A9001F4319 /* InfoPlist.strings */; };
		D7775F4D185B13A9001F4319 /* PisanoPeriodTests.m in Sources */ = {isa = PBXBuildFile; fileRef = D7775F4C185B13A9001F4319 /* PisanoPeriodTests.m */; };
		D7775F59185B1469001F4319 /* Utils.m in Sources */ = {isa = PBXBuildFile; fileRef = D7775F58185B1469001F4319 /* Utils.m */; };
		D7775F65185B36D3001F4319 /* JKBigInteger.m in Sources */ = {isa = PBXBuildFile; fileRef = D7775F5F185B36D3001F4319 /* JKBigInteger.m */; };
		D7775F66185B36D3001F4319 /* tommath.c in Sources */ = {isa = PBXBuildFile; fileRef = D7775F61185B36D3001F4319 /* tommath.c */; };
		D7775F69185B3F7D001F4319 /* FibonacciSerieTableViewController.m in Sources */ = {isa = PBXBuildFile; fileRef = D7775F68185B3F7D001F4319 /* FibonacciSerieTableViewController.m */; };
		D7775F6B185B81EB001F4319 /* LICENSE in Resources */ = {isa = PBXBuildFile; fileRef = D7775F6A185B81EB001F4319 /* LICENSE */; };
/* End PBXBuildFile section */

/* Begin PBXContainerItemProxy section */
		D7775F44185B13A9001F4319 /* PBXContainerItemProxy */ = {
			isa = PBXContainerItemProxy;
			containerPortal = D7775F13185B13A8001F4319 /* Project object */;
			proxyType = 1;
			remoteGlobalIDString = D7775F1A185B13A9001F4319;
			remoteInfo = PisanoPeriod;
		};
/* End PBXContainerItemProxy section */

/* Begin PBXFileReference section */
		7A9552DC185CA65200E41654 /* ActivityViewCustomProvider.h */ = {isa = PBXFileReference; fileEncoding = 4; lastKnownFileType = sourcecode.c.h; path = ActivityViewCustomProvider.h; sourceTree = "<group>"; };
		7A9552DD185CA65200E41654 /* ActivityViewCustomProvider.m */ = {isa = PBXFileReference; fileEncoding = 4; lastKnownFileType = sourcecode.c.objc; path = ActivityViewCustomProvider.m; sourceTree = "<group>"; };
		D7775F1B185B13A9001F4319 /* PisanoPeriod.app */ = {isa = PBXFileReference; explicitFileType = wrapper.application; includeInIndex = 0; path = PisanoPeriod.app; sourceTree = BUILT_PRODUCTS_DIR; };
		D7775F1E185B13A9001F4319 /* Foundation.framework */ = {isa = PBXFileReference; lastKnownFileType = wrapper.framework; name = Foundation.framework; path = System/Library/Frameworks/Foundation.framework; sourceTree = SDKROOT; };
		D7775F20185B13A9001F4319 /* CoreGraphics.framework */ = {isa = PBXFileReference; lastKnownFileType = wrapper.framework; name = CoreGraphics.framework; path = System/Library/Frameworks/CoreGraphics.framework; sourceTree = SDKROOT; };
		D7775F22185B13A9001F4319 /* UIKit.framework */ = {isa = PBXFileReference; lastKnownFileType = wrapper.framework; name = UIKit.framework; path = System/Library/Frameworks/UIKit.framework; sourceTree = SDKROOT; };
		D7775F26185B13A9001F4319 /* PisanoPeriod-Info.plist */ = {isa = PBXFileReference; lastKnownFileType = text.plist.xml; path = "PisanoPeriod-Info.plist"; sourceTree = "<group>"; };
		D7775F28185B13A9001F4319 /* en */ = {isa = PBXFileReference; lastKnownFileType = text.plist.strings; name = en; path = en.lproj/InfoPlist.strings; sourceTree = "<group>"; };
		D7775F2A185B13A9001F4319 /* main.m */ = {isa = PBXFileReference; lastKnownFileType = sourcecode.c.objc; path = main.m; sourceTree = "<group>"; };
		D7775F2C185B13A9001F4319 /* PisanoPeriod-Prefix.pch */ = {isa = PBXFileReference; lastKnownFileType = sourcecode.c.h; path = "PisanoPeriod-Prefix.pch"; sourceTree = "<group>"; };
		D7775F2D185B13A9001F4319 /* InitialAppDelegate.h */ = {isa = PBXFileReference; lastKnownFileType = sourcecode.c.h; path = InitialAppDelegate.h; sourceTree = "<group>"; };
		D7775F2E185B13A9001F4319 /* InitialAppDelegate.m */ = {isa = PBXFileReference; lastKnownFileType = sourcecode.c.objc; path = InitialAppDelegate.m; sourceTree = "<group>"; };
		D7775F31185B13A9001F4319 /* Base */ = {isa = PBXFileReference; lastKnownFileType = file.storyboard; name = Base; path = Base.lproj/Main_iPhone.storyboard; sourceTree = "<group>"; };
		D7775F34185B13A9001F4319 /* Base */ = {isa = PBXFileReference; lastKnownFileType = file.storyboard; name = Base; path = Base.lproj/Main_iPad.storyboard; sourceTree = "<group>"; };
		D7775F36185B13A9001F4319 /* InitialViewController.h */ = {isa = PBXFileReference; lastKnownFileType = sourcecode.c.h; path = InitialViewController.h; sourceTree = "<group>"; };
		D7775F37185B13A9001F4319 /* InitialViewController.m */ = {isa = PBXFileReference; lastKnownFileType = sourcecode.c.objc; path = InitialViewController.m; sourceTree = "<group>"; };
		D7775F39185B13A9001F4319 /* Images.xcassets */ = {isa = PBXFileReference; lastKnownFileType = folder.assetcatalog; path = Images.xcassets; sourceTree = "<group>"; };
		D7775F3F185B13A9001F4319 /* PisanoPeriodTests.xctest */ = {isa = PBXFileReference; explicitFileType = wrapper.cfbundle; includeInIndex = 0; path = PisanoPeriodTests.xctest; sourceTree = BUILT_PRODUCTS_DIR; };
		D7775F40185B13A9001F4319 /* XCTest.framework */ = {isa = PBXFileReference; lastKnownFileType = wrapper.framework; name = XCTest.framework; path = Library/Frameworks/XCTest.framework; sourceTree = DEVELOPER_DIR; };
		D7775F48185B13A9001F4319 /* PisanoPeriodTests-Info.plist */ = {isa = PBXFileReference; lastKnownFileType = text.plist.xml; path = "PisanoPeriodTests-Info.plist"; sourceTree = "<group>"; };
		D7775F4A185B13A9001F4319 /* en */ = {isa = PBXFileReference; lastKnownFileType = text.plist.strings; name = en; path = en.lproj/InfoPlist.strings; sourceTree = "<group>"; };
		D7775F4C185B13A9001F4319 /* PisanoPeriodTests.m */ = {isa = PBXFileReference; lastKnownFileType = sourcecode.c.objc; path = PisanoPeriodTests.m; sourceTree = "<group>"; };
		D7775F57185B1469001F4319 /* Utils.h */ = {isa = PBXFileReference; fileEncoding = 4; lastKnownFileType = sourcecode.c.h; name = Utils.h; path = Utils/Utils.h; sourceTree = "<group>"; };
		D7775F58185B1469001F4319 /* Utils.m */ = {isa = PBXFileReference; fileEncoding = 4; lastKnownFileType = sourcecode.c.objc; name = Utils.m; path = Utils/Utils.m; sourceTree = "<group>"; };
		D7775F5E185B36D3001F4319 /* JKBigInteger.h */ = {isa = PBXFileReference; fileEncoding = 4; lastKnownFileType = sourcecode.c.h; path = JKBigInteger.h; sourceTree = "<group>"; };
		D7775F5F185B36D3001F4319 /* JKBigInteger.m */ = {isa = PBXFileReference; fileEncoding = 4; lastKnownFileType = sourcecode.c.objc; path = JKBigInteger.m; sourceTree = "<group>"; };
		D7775F61185B36D3001F4319 /* tommath.c */ = {isa = PBXFileReference; fileEncoding = 4; lastKnownFileType = sourcecode.c.c; path = tommath.c; sourceTree = "<group>"; };
		D7775F62185B36D3001F4319 /* tommath.h */ = {isa = PBXFileReference; fileEncoding = 4; lastKnownFileType = sourcecode.c.h; path = tommath.h; sourceTree = "<group>"; };
		D7775F63185B36D3001F4319 /* tommath_class.h */ = {isa = PBXFileReference; fileEncoding = 4; lastKnownFileType = sourcecode.c.h; path = tommath_class.h; sourceTree = "<group>"; };
		D7775F64185B36D3001F4319 /* tommath_superclass.h */ = {isa = PBXFileReference; fileEncoding = 4; lastKnownFileType = sourcecode.c.h; path = tommath_superclass.h; sourceTree = "<group>"; };
		D7775F67185B3F7D001F4319 /* FibonacciSerieTableViewController.h */ = {isa = PBXFileReference; fileEncoding = 4; lastKnownFileType = sourcecode.c.h; path = FibonacciSerieTableViewController.h; sourceTree = "<group>"; };
		D7775F68185B3F7D001F4319 /* FibonacciSerieTableViewController.m */ = {isa = PBXFileReference; fileEncoding = 4; lastKnownFileType = sourcecode.c.objc; path = FibonacciSerieTableViewController.m; sourceTree = "<group>"; };
		D7775F6A185B81EB001F4319 /* LICENSE */ = {isa = PBXFileReference; fileEncoding = 4; lastKnownFileType = text; path = LICENSE; sourceTree = "<group>"; };
/* End PBXFileReference section */

/* Begin PBXFrameworksBuildPhase section */
		D7775F18185B13A9001F4319 /* Frameworks */ = {
			isa = PBXFrameworksBuildPhase;
			buildActionMask = 2147483647;
			files = (
				D7775F21185B13A9001F4319 /* CoreGraphics.framework in Frameworks */,
				D7775F23185B13A9001F4319 /* UIKit.framework in Frameworks */,
				D7775F1F185B13A9001F4319 /* Foundation.framework in Frameworks */,
			);
			runOnlyForDeploymentPostprocessing = 0;
		};
		D7775F3C185B13A9001F4319 /* Frameworks */ = {
			isa = PBXFrameworksBuildPhase;
			buildActionMask = 2147483647;
			files = (
				D7775F41185B13A9001F4319 /* XCTest.framework in Frameworks */,
				D7775F43185B13A9001F4319 /* UIKit.framework in Frameworks */,
				D7775F42185B13A9001F4319 /* Foundation.framework in Frameworks */,
			);
			runOnlyForDeploymentPostprocessing = 0;
		};
/* End PBXFrameworksBuildPhase section */

/* Begin PBXGroup section */
		7A9552D9185CA65200E41654 /* Sharing */ = {
			isa = PBXGroup;
			children = (
				7A9552DC185CA65200E41654 /* ActivityViewCustomProvider.h */,
				7A9552DD185CA65200E41654 /* ActivityViewCustomProvider.m */,
			);
			path = Sharing;
			sourceTree = "<group>";
		};
		D7775F12185B13A8001F4319 = {
			isa = PBXGroup;
			children = (
				D7775F24185B13A9001F4319 /* PisanoPeriod */,
				D7775F46185B13A9001F4319 /* PisanoPeriodTests */,
				D7775F1D185B13A9001F4319 /* Frameworks */,
				D7775F1C185B13A9001F4319 /* Products */,
			);
			sourceTree = "<group>";
		};
		D7775F1C185B13A9001F4319 /* Products */ = {
			isa = PBXGroup;
			children = (
				D7775F1B185B13A9001F4319 /* PisanoPeriod.app */,
				D7775F3F185B13A9001F4319 /* PisanoPeriodTests.xctest */,
			);
			name = Products;
			sourceTree = "<group>";
		};
		D7775F1D185B13A9001F4319 /* Frameworks */ = {
			isa = PBXGroup;
			children = (
				D7775F1E185B13A9001F4319 /* Foundation.framework */,
				D7775F20185B13A9001F4319 /* CoreGraphics.framework */,
				D7775F22185B13A9001F4319 /* UIKit.framework */,
				D7775F40185B13A9001F4319 /* XCTest.framework */,
			);
			name = Frameworks;
			sourceTree = "<group>";
		};
		D7775F24185B13A9001F4319 /* PisanoPeriod */ = {
			isa = PBXGroup;
			children = (
				D7775F2D185B13A9001F4319 /* InitialAppDelegate.h */,
				D7775F2E185B13A9001F4319 /* InitialAppDelegate.m */,
				D7775F30185B13A9001F4319 /* Main_iPhone.storyboard */,
				D7775F33185B13A9001F4319 /* Main_iPad.storyboard */,
				D7775F36185B13A9001F4319 /* InitialViewController.h */,
				D7775F37185B13A9001F4319 /* InitialViewController.m */,
				D7775F67185B3F7D001F4319 /* FibonacciSerieTableViewController.h */,
				D7775F68185B3F7D001F4319 /* FibonacciSerieTableViewController.m */,
				D7775F56185B1447001F4319 /* Utils */,
				D7775F5C185B350D001F4319 /* Third Part */,
				D7775F39185B13A9001F4319 /* Images.xcassets */,
				D7775F25185B13A9001F4319 /* Supporting Files */,
			);
			path = PisanoPeriod;
			sourceTree = "<group>";
		};
		D7775F25185B13A9001F4319 /* Supporting Files */ = {
			isa = PBXGroup;
			children = (
				D7775F26185B13A9001F4319 /* PisanoPeriod-Info.plist */,
				D7775F27185B13A9001F4319 /* InfoPlist.strings */,
				D7775F2A185B13A9001F4319 /* main.m */,
				D7775F2C185B13A9001F4319 /* PisanoPeriod-Prefix.pch */,
			);
			name = "Supporting Files";
			sourceTree = "<group>";
		};
		D7775F46185B13A9001F4319 /* PisanoPeriodTests */ = {
			isa = PBXGroup;
			children = (
				D7775F4C185B13A9001F4319 /* PisanoPeriodTests.m */,
				D7775F47185B13A9001F4319 /* Supporting Files */,
			);
			path = PisanoPeriodTests;
			sourceTree = "<group>";
		};
		D7775F47185B13A9001F4319 /* Supporting Files */ = {
			isa = PBXGroup;
			children = (
				D7775F48185B13A9001F4319 /* PisanoPeriodTests-Info.plist */,
				D7775F49185B13A9001F4319 /* InfoPlist.strings */,
			);
			name = "Supporting Files";
			sourceTree = "<group>";
		};
		D7775F56185B1447001F4319 /* Utils */ = {
			isa = PBXGroup;
			children = (
				7A9552D9185CA65200E41654 /* Sharing */,
				D7775F57185B1469001F4319 /* Utils.h */,
				D7775F58185B1469001F4319 /* Utils.m */,
			);
			name = Utils;
			sourceTree = "<group>";
		};
		D7775F5C185B350D001F4319 /* Third Part */ = {
			isa = PBXGroup;
			children = (
				D7775F5D185B36D3001F4319 /* JKBigInteger */,
			);
			name = "Third Part";
			sourceTree = "<group>";
		};
		D7775F5D185B36D3001F4319 /* JKBigInteger */ = {
			isa = PBXGroup;
			children = (
				D7775F5E185B36D3001F4319 /* JKBigInteger.h */,
				D7775F5F185B36D3001F4319 /* JKBigInteger.m */,
				D7775F6A185B81EB001F4319 /* LICENSE */,
				D7775F60185B36D3001F4319 /* LibTomMath */,
			);
			path = JKBigInteger;
			sourceTree = "<group>";
		};
		D7775F60185B36D3001F4319 /* LibTomMath */ = {
			isa = PBXGroup;
			children = (
				D7775F61185B36D3001F4319 /* tommath.c */,
				D7775F62185B36D3001F4319 /* tommath.h */,
				D7775F63185B36D3001F4319 /* tommath_class.h */,
				D7775F64185B36D3001F4319 /* tommath_superclass.h */,
			);
			path = LibTomMath;
			sourceTree = "<group>";
		};
/* End PBXGroup section */

/* Begin PBXNativeTarget section */
		D7775F1A185B13A9001F4319 /* PisanoPeriod */ = {
			isa = PBXNativeTarget;
			buildConfigurationList = D7775F50185B13A9001F4319 /* Build configuration list for PBXNativeTarget "PisanoPeriod" */;
			buildPhases = (
				D7775F17185B13A9001F4319 /* Sources */,
				D7775F18185B13A9001F4319 /* Frameworks */,
				D7775F19185B13A9001F4319 /* Resources */,
			);
			buildRules = (
			);
			dependencies = (
			);
			name = PisanoPeriod;
			productName = PisanoPeriod;
			productReference = D7775F1B185B13A9001F4319 /* PisanoPeriod.app */;
			productType = "com.apple.product-type.application";
		};
		D7775F3E185B13A9001F4319 /* PisanoPeriodTests */ = {
			isa = PBXNativeTarget;
			buildConfigurationList = D7775F53185B13A9001F4319 /* Build configuration list for PBXNativeTarget "PisanoPeriodTests" */;
			buildPhases = (
				D7775F3B185B13A9001F4319 /* Sources */,
				D7775F3C185B13A9001F4319 /* Frameworks */,
				D7775F3D185B13A9001F4319 /* Resources */,
			);
			buildRules = (
			);
			dependencies = (
				D7775F45185B13A9001F4319 /* PBXTargetDependency */,
			);
			name = PisanoPeriodTests;
			productName = PisanoPeriodTests;
			productReference = D7775F3F185B13A9001F4319 /* PisanoPeriodTests.xctest */;
			productType = "com.apple.product-type.bundle.unit-test";
		};
/* End PBXNativeTarget section */

/* Begin PBXProject section */
		D7775F13185B13A8001F4319 /* Project object */ = {
			isa = PBXProject;
			attributes = {
				CLASSPREFIX = Initial;
				LastUpgradeCheck = 0500;
				ORGANIZATIONNAME = "Gabriel Massana";
				TargetAttributes = {
					D7775F1A185B13A9001F4319 = {
						DevelopmentTeam = VQJK888J5D;
					};
					D7775F3E185B13A9001F4319 = {
						TestTargetID = D7775F1A185B13A9001F4319;
					};
				};
			};
			buildConfigurationList = D7775F16185B13A8001F4319 /* Build configuration list for PBXProject "PisanoPeriod" */;
			compatibilityVersion = "Xcode 3.2";
			developmentRegion = English;
			hasScannedForEncodings = 0;
			knownRegions = (
				en,
				Base,
			);
			mainGroup = D7775F12185B13A8001F4319;
			productRefGroup = D7775F1C185B13A9001F4319 /* Products */;
			projectDirPath = "";
			projectRoot = "";
			targets = (
				D7775F1A185B13A9001F4319 /* PisanoPeriod */,
				D7775F3E185B13A9001F4319 /* PisanoPeriodTests */,
			);
		};
/* End PBXProject section */

/* Begin PBXResourcesBuildPhase section */
		D7775F19185B13A9001F4319 /* Resources */ = {
			isa = PBXResourcesBuildPhase;
			buildActionMask = 2147483647;
			files = (
				D7775F35185B13A9001F4319 /* Main_iPad.storyboard in Resources */,
				D7775F3A185B13A9001F4319 /* Images.xcassets in Resources */,
				D7775F32185B13A9001F4319 /* Main_iPhone.storyboard in Resources */,
				D7775F29185B13A9001F4319 /* InfoPlist.strings in Resources */,
				D7775F6B185B81EB001F4319 /* LICENSE in Resources */,
			);
			runOnlyForDeploymentPostprocessing = 0;
		};
		D7775F3D185B13A9001F4319 /* Resources */ = {
			isa = PBXResourcesBuildPhase;
			buildActionMask = 2147483647;
			files = (
				D7775F4B185B13A9001F4319 /* InfoPlist.strings in Resources */,
			);
			runOnlyForDeploymentPostprocessing = 0;
		};
/* End PBXResourcesBuildPhase section */

/* Begin PBXSourcesBuildPhase section */
		D7775F17185B13A9001F4319 /* Sources */ = {
			isa = PBXSourcesBuildPhase;
			buildActionMask = 2147483647;
			files = (
				D7775F38185B13A9001F4319 /* InitialViewController.m in Sources */,
				7A9552DF185CA65200E41654 /* ActivityViewCustomProvider.m in Sources */,
				D7775F2B185B13A9001F4319 /* main.m in Sources */,
				D7775F66185B36D3001F4319 /* tommath.c in Sources */,
				D7775F2F185B13A9001F4319 /* InitialAppDelegate.m in Sources */,
				D7775F65185B36D3001F4319 /* JKBigInteger.m in Sources */,
				D7775F69185B3F7D001F4319 /* FibonacciSerieTableViewController.m in Sources */,
				D7775F59185B1469001F4319 /* Utils.m in Sources */,
			);
			runOnlyForDeploymentPostprocessing = 0;
		};
		D7775F3B185B13A9001F4319 /* Sources */ = {
			isa = PBXSourcesBuildPhase;
			buildActionMask = 2147483647;
			files = (
				D7775F4D185B13A9001F4319 /* PisanoPeriodTests.m in Sources */,
			);
			runOnlyForDeploymentPostprocessing = 0;
		};
/* End PBXSourcesBuildPhase section */

/* Begin PBXTargetDependency section */
		D7775F45185B13A9001F4319 /* PBXTargetDependency */ = {
			isa = PBXTargetDependency;
			target = D7775F1A185B13A9001F4319 /* PisanoPeriod */;
			targetProxy = D7775F44185B13A9001F4319 /* PBXContainerItemProxy */;
		};
/* End PBXTargetDependency section */

/* Begin PBXVariantGroup section */
		D7775F27185B13A9001F4319 /* InfoPlist.strings */ = {
			isa = PBXVariantGroup;
			children = (
				D7775F28185B13A9001F4319 /* en */,
			);
			name = InfoPlist.strings;
			sourceTree = "<group>";
		};
		D7775F30185B13A9001F4319 /* Main_iPhone.storyboard */ = {
			isa = PBXVariantGroup;
			children = (
				D7775F31185B13A9001F4319 /* Base */,
			);
			name = Main_iPhone.storyboard;
			sourceTree = "<group>";
		};
		D7775F33185B13A9001F4319 /* Main_iPad.storyboard */ = {
			isa = PBXVariantGroup;
			children = (
				D7775F34185B13A9001F4319 /* Base */,
			);
			name = Main_iPad.storyboard;
			sourceTree = "<group>";
		};
		D7775F49185B13A9001F4319 /* InfoPlist.strings */ = {
			isa = PBXVariantGroup;
			children = (
				D7775F4A185B13A9001F4319 /* en */,
			);
			name = InfoPlist.strings;
			sourceTree = "<group>";
		};
/* End PBXVariantGroup section */

/* Begin XCBuildConfiguration section */
		D7775F4E185B13A9001F4319 /* Debug */ = {
			isa = XCBuildConfiguration;
			buildSettings = {
				ALWAYS_SEARCH_USER_PATHS = NO;
				ARCHS = "$(ARCHS_STANDARD_INCLUDING_64_BIT)";
				CLANG_CXX_LANGUAGE_STANDARD = "gnu++0x";
				CLANG_CXX_LIBRARY = "libc++";
				CLANG_ENABLE_MODULES = YES;
				CLANG_ENABLE_OBJC_ARC = YES;
				CLANG_WARN_BOOL_CONVERSION = YES;
				CLANG_WARN_CONSTANT_CONVERSION = YES;
				CLANG_WARN_DIRECT_OBJC_ISA_USAGE = YES_ERROR;
				CLANG_WARN_EMPTY_BODY = YES;
				CLANG_WARN_ENUM_CONVERSION = YES;
				CLANG_WARN_INT_CONVERSION = YES;
				CLANG_WARN_OBJC_ROOT_CLASS = YES_ERROR;
				CLANG_WARN__DUPLICATE_METHOD_MATCH = YES;
				"CODE_SIGN_IDENTITY[sdk=iphoneos*]" = "iPhone Developer";
				COPY_PHASE_STRIP = NO;
				GCC_C_LANGUAGE_STANDARD = gnu99;
				GCC_DYNAMIC_NO_PIC = NO;
				GCC_OPTIMIZATION_LEVEL = 0;
				GCC_PREPROCESSOR_DEFINITIONS = (
					"DEBUG=1",
					"$(inherited)",
				);
				GCC_SYMBOLS_PRIVATE_EXTERN = NO;
				GCC_WARN_64_TO_32_BIT_CONVERSION = YES;
				GCC_WARN_ABOUT_RETURN_TYPE = YES_ERROR;
				GCC_WARN_UNDECLARED_SELECTOR = YES;
				GCC_WARN_UNINITIALIZED_AUTOS = YES;
				GCC_WARN_UNUSED_FUNCTION = YES;
				GCC_WARN_UNUSED_VARIABLE = YES;
				IPHONEOS_DEPLOYMENT_TARGET = 7.0;
				ONLY_ACTIVE_ARCH = YES;
				SDKROOT = iphoneos;
				TARGETED_DEVICE_FAMILY = "1,2";
			};
			name = Debug;
		};
		D7775F4F185B13A9001F4319 /* Release */ = {
			isa = XCBuildConfiguration;
			buildSettings = {
				ALWAYS_SEARCH_USER_PATHS = NO;
				ARCHS = "$(ARCHS_STANDARD_INCLUDING_64_BIT)";
				CLANG_CXX_LANGUAGE_STANDARD = "gnu++0x";
				CLANG_CXX_LIBRARY = "libc++";
				CLANG_ENABLE_MODULES = YES;
				CLANG_ENABLE_OBJC_ARC = YES;
				CLANG_WARN_BOOL_CONVERSION = YES;
				CLANG_WARN_CONSTANT_CONVERSION = YES;
				CLANG_WARN_DIRECT_OBJC_ISA_USAGE = YES_ERROR;
				CLANG_WARN_EMPTY_BODY = YES;
				CLANG_WARN_ENUM_CONVERSION = YES;
				CLANG_WARN_INT_CONVERSION = YES;
				CLANG_WARN_OBJC_ROOT_CLASS = YES_ERROR;
				CLANG_WARN__DUPLICATE_METHOD_MATCH = YES;
				"CODE_SIGN_IDENTITY[sdk=iphoneos*]" = "iPhone Developer";
				COPY_PHASE_STRIP = YES;
				ENABLE_NS_ASSERTIONS = NO;
				GCC_C_LANGUAGE_STANDARD = gnu99;
				GCC_WARN_64_TO_32_BIT_CONVERSION = YES;
				GCC_WARN_ABOUT_RETURN_TYPE = YES_ERROR;
				GCC_WARN_UNDECLARED_SELECTOR = YES;
				GCC_WARN_UNINITIALIZED_AUTOS = YES;
				GCC_WARN_UNUSED_FUNCTION = YES;
				GCC_WARN_UNUSED_VARIABLE = YES;
				IPHONEOS_DEPLOYMENT_TARGET = 7.0;
				SDKROOT = iphoneos;
				TARGETED_DEVICE_FAMILY = "1,2";
				VALIDATE_PRODUCT = YES;
			};
			name = Release;
		};
		D7775F51185B13A9001F4319 /* Debug */ = {
			isa = XCBuildConfiguration;
			buildSettings = {
				ASSETCATALOG_COMPILER_APPICON_NAME = AppIcon;
				ASSETCATALOG_COMPILER_LAUNCHIMAGE_NAME = LaunchImage;
				CODE_SIGN_IDENTITY = "iPhone Distribution: Jose Antonio Gabriel Massana (X3A9998GNV)";
				"CODE_SIGN_IDENTITY[sdk=iphoneos*]" = "iPhone Distribution: Jose Antonio Gabriel Massana (X3A9998GNV)";
				GCC_PRECOMPILE_PREFIX_HEADER = YES;
				GCC_PREFIX_HEADER = "PisanoPeriod/PisanoPeriod-Prefix.pch";
				INFOPLIST_FILE = "PisanoPeriod/PisanoPeriod-Info.plist";
				PRODUCT_NAME = "$(TARGET_NAME)";
				PROVISIONING_PROFILE = "99044C3D-1492-448A-B096-9B171AE7C64A";
				WRAPPER_EXTENSION = app;
			};
			name = Debug;
		};
		D7775F52185B13A9001F4319 /* Release */ = {
			isa = XCBuildConfiguration;
			buildSettings = {
				ASSETCATALOG_COMPILER_APPICON_NAME = AppIcon;
				ASSETCATALOG_COMPILER_LAUNCHIMAGE_NAME = LaunchImage;
				CODE_SIGN_IDENTITY = "iPhone Distribution: Jose Antonio Gabriel Massana (X3A9998GNV)";
				"CODE_SIGN_IDENTITY[sdk=iphoneos*]" = "iPhone Distribution: Jose Antonio Gabriel Massana (X3A9998GNV)";
				GCC_PRECOMPILE_PREFIX_HEADER = YES;
				GCC_PREFIX_HEADER = "PisanoPeriod/PisanoPeriod-Prefix.pch";
				INFOPLIST_FILE = "PisanoPeriod/PisanoPeriod-Info.plist";
				PRODUCT_NAME = "$(TARGET_NAME)";
				PROVISIONING_PROFILE = "99044C3D-1492-448A-B096-9B171AE7C64A";
				WRAPPER_EXTENSION = app;
			};
			name = Release;
		};
		D7775F54185B13A9001F4319 /* Debug */ = {
			isa = XCBuildConfiguration;
			buildSettings = {
				ARCHS = "$(ARCHS_STANDARD_INCLUDING_64_BIT)";
				BUNDLE_LOADER = "$(BUILT_PRODUCTS_DIR)/PisanoPeriod.app/PisanoPeriod";
				FRAMEWORK_SEARCH_PATHS = (
					"$(SDKROOT)/Developer/Library/Frameworks",
					"$(inherited)",
					"$(DEVELOPER_FRAMEWORKS_DIR)",
				);
				GCC_PRECOMPILE_PREFIX_HEADER = YES;
				GCC_PREFIX_HEADER = "PisanoPeriod/PisanoPeriod-Prefix.pch";
				GCC_PREPROCESSOR_DEFINITIONS = (
					"DEBUG=1",
					"$(inherited)",
				);
				INFOPLIST_FILE = "PisanoPeriodTests/PisanoPeriodTests-Info.plist";
				PRODUCT_NAME = "$(TARGET_NAME)";
				TEST_HOST = "$(BUNDLE_LOADER)";
				WRAPPER_EXTENSION = xctest;
			};
			name = Debug;
		};
		D7775F55185B13A9001F4319 /* Release */ = {
			isa = XCBuildConfiguration;
			buildSettings = {
				ARCHS = "$(ARCHS_STANDARD_INCLUDING_64_BIT)";
				BUNDLE_LOADER = "$(BUILT_PRODUCTS_DIR)/PisanoPeriod.app/PisanoPeriod";
				FRAMEWORK_SEARCH_PATHS = (
					"$(SDKROOT)/Developer/Library/Frameworks",
					"$(inherited)",
					"$(DEVELOPER_FRAMEWORKS_DIR)",
				);
				GCC_PRECOMPILE_PREFIX_HEADER = YES;
				GCC_PREFIX_HEADER = "PisanoPeriod/PisanoPeriod-Prefix.pch";
				INFOPLIST_FILE = "PisanoPeriodTests/PisanoPeriodTests-Info.plist";
				PRODUCT_NAME = "$(TARGET_NAME)";
				TEST_HOST = "$(BUNDLE_LOADER)";
				WRAPPER_EXTENSION = xctest;
			};
			name = Release;
		};
/* End XCBuildConfiguration section */

/* Begin XCConfigurationList section */
		D7775F16185B13A8001F4319 /* Build configuration list for PBXProject "PisanoPeriod" */ = {
			isa = XCConfigurationList;
			buildConfigurations = (
				D7775F4E185B13A9001F4319 /* Debug */,
				D7775F4F185B13A9001F4319 /* Release */,
			);
			defaultConfigurationIsVisible = 0;
			defaultConfigurationName = Release;
		};
		D7775F50185B13A9001F4319 /* Build configuration list for PBXNativeTarget "PisanoPeriod" */ = {
			isa = XCConfigurationList;
			buildConfigurations = (
				D7775F51185B13A9001F4319 /* Debug */,
				D7775F52185B13A9001F4319 /* Release */,
			);
			defaultConfigurationIsVisible = 0;
			defaultConfigurationName = Release;
		};
		D7775F53185B13A9001F4319 /* Build configuration list for PBXNativeTarget "PisanoPeriodTests" */ = {
			isa = XCConfigurationList;
			buildConfigurations = (
				D7775F54185B13A9001F4319 /* Debug */,
				D7775F55185B13A9001F4319 /* Release */,
			);
			defaultConfigurationIsVisible = 0;
			defaultConfigurationName = Release;
		};
/* End XCConfigurationList section */
	};
	rootObject = D7775F13185B13A8001F4319 /* Project object */;
}
